// !$*UTF8*$!
{
	archiveVersion = 1;
	classes = {
	};
	objectVersion = 50;
	objects = {

/* Begin PBXBuildFile section */
		9543643420913E0900C2E0AB /* main.cpp in Sources */ = {isa = PBXBuildFile; fileRef = 9543643320913E0900C2E0AB /* main.cpp */; };
		9543643C20913E3A00C2E0AB /* Block.cpp in Sources */ = {isa = PBXBuildFile; fileRef = 9543643A20913E3A00C2E0AB /* Block.cpp */; };
		9543643F2091410E00C2E0AB /* sha256.cpp in Sources */ = {isa = PBXBuildFile; fileRef = 9543643D2091410E00C2E0AB /* sha256.cpp */; };
		954364482091574900C2E0AB /* Blockchain.cpp in Sources */ = {isa = PBXBuildFile; fileRef = 954364462091574900C2E0AB /* Blockchain.cpp */; };
		9543644B2091800E00C2E0AB /* ecc.c in Sources */ = {isa = PBXBuildFile; fileRef = 954364492091800D00C2E0AB /* ecc.c */; };
		9543644E2091840200C2E0AB /* wallet.cpp in Sources */ = {isa = PBXBuildFile; fileRef = 9543644C2091840200C2E0AB /* wallet.cpp */; };
		9543645120918EB800C2E0AB /* transaction.cpp in Sources */ = {isa = PBXBuildFile; fileRef = 9543644F20918EB800C2E0AB /* transaction.cpp */; };
		9543645420956CDB00C2E0AB /* merkleRoot.cpp in Sources */ = {isa = PBXBuildFile; fileRef = 9543645220956CDB00C2E0AB /* merkleRoot.cpp */; };
/* End PBXBuildFile section */

/* Begin PBXCopyFilesBuildPhase section */
		9543642E20913E0900C2E0AB /* CopyFiles */ = {
			isa = PBXCopyFilesBuildPhase;
			buildActionMask = 2147483647;
			dstPath = /usr/share/man/man1/;
			dstSubfolderSpec = 0;
			files = (
			);
			runOnlyForDeploymentPostprocessing = 1;
		};
/* End PBXCopyFilesBuildPhase section */

/* Begin PBXFileReference section */
		9543643020913E0900C2E0AB /* DennisCoin */ = {isa = PBXFileReference; explicitFileType = "compiled.mach-o.executable"; includeInIndex = 0; path = DennisCoin; sourceTree = BUILT_PRODUCTS_DIR; };
		9543643320913E0900C2E0AB /* main.cpp */ = {isa = PBXFileReference; lastKnownFileType = sourcecode.cpp.cpp; path = main.cpp; sourceTree = "<group>"; };
		9543643A20913E3A00C2E0AB /* Block.cpp */ = {isa = PBXFileReference; lastKnownFileType = sourcecode.cpp.cpp; path = Block.cpp; sourceTree = "<group>"; };
		9543643B20913E3A00C2E0AB /* Block.hpp */ = {isa = PBXFileReference; lastKnownFileType = sourcecode.cpp.h; path = Block.hpp; sourceTree = "<group>"; };
		9543643D2091410E00C2E0AB /* sha256.cpp */ = {isa = PBXFileReference; fileEncoding = 4; lastKnownFileType = sourcecode.cpp.cpp; path = sha256.cpp; sourceTree = "<group>"; };
		9543643E2091410E00C2E0AB /* sha256.h */ = {isa = PBXFileReference; fileEncoding = 4; lastKnownFileType = sourcecode.c.h; path = sha256.h; sourceTree = "<group>"; };
		954364462091574900C2E0AB /* Blockchain.cpp */ = {isa = PBXFileReference; lastKnownFileType = sourcecode.cpp.cpp; path = Blockchain.cpp; sourceTree = "<group>"; };
		954364472091574900C2E0AB /* Blockchain.hpp */ = {isa = PBXFileReference; lastKnownFileType = sourcecode.cpp.h; path = Blockchain.hpp; sourceTree = "<group>"; };
		954364492091800D00C2E0AB /* ecc.c */ = {isa = PBXFileReference; fileEncoding = 4; lastKnownFileType = sourcecode.c.c; path = ecc.c; sourceTree = "<group>"; };
		9543644A2091800D00C2E0AB /* ecc.h */ = {isa = PBXFileReference; fileEncoding = 4; lastKnownFileType = sourcecode.c.h; path = ecc.h; sourceTree = "<group>"; };
		9543644C2091840200C2E0AB /* wallet.cpp */ = {isa = PBXFileReference; lastKnownFileType = sourcecode.cpp.cpp; path = wallet.cpp; sourceTree = "<group>"; };
		9543644D2091840200C2E0AB /* wallet.hpp */ = {isa = PBXFileReference; lastKnownFileType = sourcecode.cpp.h; path = wallet.hpp; sourceTree = "<group>"; };
		9543644F20918EB800C2E0AB /* transaction.cpp */ = {isa = PBXFileReference; lastKnownFileType = sourcecode.cpp.cpp; path = transaction.cpp; sourceTree = "<group>"; };
		9543645020918EB800C2E0AB /* transaction.hpp */ = {isa = PBXFileReference; lastKnownFileType = sourcecode.cpp.h; path = transaction.hpp; sourceTree = "<group>"; };
		9543645220956CDB00C2E0AB /* merkleRoot.cpp */ = {isa = PBXFileReference; lastKnownFileType = sourcecode.cpp.cpp; path = merkleRoot.cpp; sourceTree = "<group>"; };
		9543645320956CDB00C2E0AB /* merkleRoot.hpp */ = {isa = PBXFileReference; lastKnownFileType = sourcecode.cpp.h; path = merkleRoot.hpp; sourceTree = "<group>"; };
/* End PBXFileReference section */

/* Begin PBXFrameworksBuildPhase section */
		9543642D20913E0900C2E0AB /* Frameworks */ = {
			isa = PBXFrameworksBuildPhase;
			buildActionMask = 2147483647;
			files = (
			);
			runOnlyForDeploymentPostprocessing = 0;
		};
/* End PBXFrameworksBuildPhase section */

/* Begin PBXGroup section */
		9543642720913E0900C2E0AB = {
			isa = PBXGroup;
			children = (
				9543643220913E0900C2E0AB /* DennisCoin */,
				9543643120913E0900C2E0AB /* Products */,
			);
			sourceTree = "<group>";
		};
		9543643120913E0900C2E0AB /* Products */ = {
			isa = PBXGroup;
			children = (
				9543643020913E0900C2E0AB /* DennisCoin */,
			);
			name = Products;
			sourceTree = "<group>";
		};
		9543643220913E0900C2E0AB /* DennisCoin */ = {
			isa = PBXGroup;
			children = (
				9543643320913E0900C2E0AB /* main.cpp */,
				9543644F20918EB800C2E0AB /* transaction.cpp */,
				9543645020918EB800C2E0AB /* transaction.hpp */,
				9543645220956CDB00C2E0AB /* merkleRoot.cpp */,
				9543645320956CDB00C2E0AB /* merkleRoot.hpp */,
				9543644C2091840200C2E0AB /* wallet.cpp */,
				9543644D2091840200C2E0AB /* wallet.hpp */,
				954364462091574900C2E0AB /* Blockchain.cpp */,
				954364472091574900C2E0AB /* Blockchain.hpp */,
				9543643A20913E3A00C2E0AB /* Block.cpp */,
				9543643B20913E3A00C2E0AB /* Block.hpp */,
				954364492091800D00C2E0AB /* ecc.c */,
				9543644A2091800D00C2E0AB /* ecc.h */,
				9543643D2091410E00C2E0AB /* sha256.cpp */,
				9543643E2091410E00C2E0AB /* sha256.h */,
			);
			path = DennisCoin;
			sourceTree = "<group>";
		};
/* End PBXGroup section */

/* Begin PBXNativeTarget section */
		9543642F20913E0900C2E0AB /* DennisCoin */ = {
			isa = PBXNativeTarget;
			buildConfigurationList = 9543643720913E0900C2E0AB /* Build configuration list for PBXNativeTarget "DennisCoin" */;
			buildPhases = (
				9543642C20913E0900C2E0AB /* Sources */,
				9543642D20913E0900C2E0AB /* Frameworks */,
				9543642E20913E0900C2E0AB /* CopyFiles */,
			);
			buildRules = (
			);
			dependencies = (
			);
			name = DennisCoin;
			productName = DennisCoin;
			productReference = 9543643020913E0900C2E0AB /* DennisCoin */;
			productType = "com.apple.product-type.tool";
		};
/* End PBXNativeTarget section */

/* Begin PBXProject section */
		9543642820913E0900C2E0AB /* Project object */ = {
			isa = PBXProject;
			attributes = {
				LastUpgradeCheck = 0930;
				ORGANIZATIONNAME = "Dennis Hardy";
				TargetAttributes = {
					9543642F20913E0900C2E0AB = {
						CreatedOnToolsVersion = 9.3;
					};
				};
			};
			buildConfigurationList = 9543642B20913E0900C2E0AB /* Build configuration list for PBXProject "DennisCoin" */;
			compatibilityVersion = "Xcode 9.3";
			developmentRegion = en;
			hasScannedForEncodings = 0;
			knownRegions = (
				en,
			);
			mainGroup = 9543642720913E0900C2E0AB;
			productRefGroup = 9543643120913E0900C2E0AB /* Products */;
			projectDirPath = "";
			projectRoot = "";
			targets = (
				9543642F20913E0900C2E0AB /* DennisCoin */,
			);
		};
/* End PBXProject section */

/* Begin PBXSourcesBuildPhase section */
		9543642C20913E0900C2E0AB /* Sources */ = {
			isa = PBXSourcesBuildPhase;
			buildActionMask = 2147483647;
			files = (
				9543644B2091800E00C2E0AB /* ecc.c in Sources */,
				9543643420913E0900C2E0AB /* main.cpp in Sources */,
				954364482091574900C2E0AB /* Blockchain.cpp in Sources */,
				9543645420956CDB00C2E0AB /* merkleRoot.cpp in Sources */,
				9543643F2091410E00C2E0AB /* sha256.cpp in Sources */,
				9543645120918EB800C2E0AB /* transaction.cpp in Sources */,
				9543644E2091840200C2E0AB /* wallet.cpp in Sources */,
				9543643C20913E3A00C2E0AB /* Block.cpp in Sources */,
			);
			runOnlyForDeploymentPostprocessing = 0;
		};
/* End PBXSourcesBuildPhase section */

/* Begin XCBuildConfiguration section */
		9543643520913E0900C2E0AB /* Debug */ = {
			isa = XCBuildConfiguration;
			buildSettings = {
				ALWAYS_SEARCH_USER_PATHS = NO;
				CLANG_ANALYZER_NONNULL = YES;
				CLANG_ANALYZER_NUMBER_OBJECT_CONVERSION = YES_AGGRESSIVE;
				CLANG_CXX_LANGUAGE_STANDARD = "gnu++14";
				CLANG_CXX_LIBRARY = "libc++";
				CLANG_ENABLE_MODULES = YES;
				CLANG_ENABLE_OBJC_ARC = YES;
				CLANG_ENABLE_OBJC_WEAK = YES;
				CLANG_WARN_BLOCK_CAPTURE_AUTORELEASING = YES;
				CLANG_WARN_BOOL_CONVERSION = YES;
				CLANG_WARN_COMMA = YES;
				CLANG_WARN_CONSTANT_CONVERSION = YES;
				CLANG_WARN_DEPRECATED_OBJC_IMPLEMENTATIONS = YES;
				CLANG_WARN_DIRECT_OBJC_ISA_USAGE = YES_ERROR;
				CLANG_WARN_DOCUMENTATION_COMMENTS = YES;
				CLANG_WARN_EMPTY_BODY = YES;
				CLANG_WARN_ENUM_CONVERSION = YES;
				CLANG_WARN_INFINITE_RECURSION = YES;
				CLANG_WARN_INT_CONVERSION = YES;
				CLANG_WARN_NON_LITERAL_NULL_CONVERSION = YES;
				CLANG_WARN_OBJC_IMPLICIT_RETAIN_SELF = YES;
				CLANG_WARN_OBJC_LITERAL_CONVERSION = YES;
				CLANG_WARN_OBJC_ROOT_CLASS = YES_ERROR;
				CLANG_WARN_RANGE_LOOP_ANALYSIS = YES;
				CLANG_WARN_STRICT_PROTOTYPES = YES;
				CLANG_WARN_SUSPICIOUS_MOVE = YES;
				CLANG_WARN_UNGUARDED_AVAILABILITY = YES_AGGRESSIVE;
				CLANG_WARN_UNREACHABLE_CODE = YES;
				CLANG_WARN__DUPLICATE_METHOD_MATCH = YES;
				CODE_SIGN_IDENTITY = "Mac Developer";
				COPY_PHASE_STRIP = NO;
				DEBUG_INFORMATION_FORMAT = dwarf;
				ENABLE_STRICT_OBJC_MSGSEND = YES;
				ENABLE_TESTABILITY = YES;
				GCC_C_LANGUAGE_STANDARD = gnu11;
				GCC_DYNAMIC_NO_PIC = NO;
				GCC_NO_COMMON_BLOCKS = YES;
				GCC_OPTIMIZATION_LEVEL = 0;
				GCC_PREPROCESSOR_DEFINITIONS = (
					"DEBUG=1",
					"$(inherited)",
				);
				GCC_WARN_64_TO_32_BIT_CONVERSION = YES;
				GCC_WARN_ABOUT_RETURN_TYPE = YES_ERROR;
				GCC_WARN_UNDECLARED_SELECTOR = YES;
				GCC_WARN_UNINITIALIZED_AUTOS = YES_AGGRESSIVE;
				GCC_WARN_UNUSED_FUNCTION = YES;
				GCC_WARN_UNUSED_VARIABLE = YES;
				MACOSX_DEPLOYMENT_TARGET = 10.13;
				MTL_ENABLE_DEBUG_INFO = YES;
				ONLY_ACTIVE_ARCH = YES;
				SDKROOT = macosx;
			};
			name = Debug;
		};
		9543643620913E0900C2E0AB /* Release */ = {
			isa = XCBuildConfiguration;
			buildSettings = {
				ALWAYS_SEARCH_USER_PATHS = NO;
				CLANG_ANALYZER_NONNULL = YES;
				CLANG_ANALYZER_NUMBER_OBJECT_CONVERSION = YES_AGGRESSIVE;
				CLANG_CXX_LANGUAGE_STANDARD = "gnu++14";
				CLANG_CXX_LIBRARY = "libc++";
				CLANG_ENABLE_MODULES = YES;
				CLANG_ENABLE_OBJC_ARC = YES;
				CLANG_ENABLE_OBJC_WEAK = YES;
				CLANG_WARN_BLOCK_CAPTURE_AUTORELEASING = YES;
				CLANG_WARN_BOOL_CONVERSION = YES;
				CLANG_WARN_COMMA = YES;
				CLANG_WARN_CONSTANT_CONVERSION = YES;
				CLANG_WARN_DEPRECATED_OBJC_IMPLEMENTATIONS = YES;
				CLANG_WARN_DIRECT_OBJC_ISA_USAGE = YES_ERROR;
				CLANG_WARN_DOCUMENTATION_COMMENTS = YES;
				CLANG_WARN_EMPTY_BODY = YES;
				CLANG_WARN_ENUM_CONVERSION = YES;
				CLANG_WARN_INFINITE_RECURSION = YES;
				CLANG_WARN_INT_CONVERSION = YES;
				CLANG_WARN_NON_LITERAL_NULL_CONVERSION = YES;
				CLANG_WARN_OBJC_IMPLICIT_RETAIN_SELF = YES;
				CLANG_WARN_OBJC_LITERAL_CONVERSION = YES;
				CLANG_WARN_OBJC_ROOT_CLASS = YES_ERROR;
				CLANG_WARN_RANGE_LOOP_ANALYSIS = YES;
				CLANG_WARN_STRICT_PROTOTYPES = YES;
				CLANG_WARN_SUSPICIOUS_MOVE = YES;
				CLANG_WARN_UNGUARDED_AVAILABILITY = YES_AGGRESSIVE;
				CLANG_WARN_UNREACHABLE_CODE = YES;
				CLANG_WARN__DUPLICATE_METHOD_MATCH = YES;
				CODE_SIGN_IDENTITY = "Mac Developer";
				COPY_PHASE_STRIP = NO;
				DEBUG_INFORMATION_FORMAT = "dwarf-with-dsym";
				ENABLE_NS_ASSERTIONS = NO;
				ENABLE_STRICT_OBJC_MSGSEND = YES;
				GCC_C_LANGUAGE_STANDARD = gnu11;
				GCC_NO_COMMON_BLOCKS = YES;
				GCC_WARN_64_TO_32_BIT_CONVERSION = YES;
				GCC_WARN_ABOUT_RETURN_TYPE = YES_ERROR;
				GCC_WARN_UNDECLARED_SELECTOR = YES;
				GCC_WARN_UNINITIALIZED_AUTOS = YES_AGGRESSIVE;
				GCC_WARN_UNUSED_FUNCTION = YES;
				GCC_WARN_UNUSED_VARIABLE = YES;
				MACOSX_DEPLOYMENT_TARGET = 10.13;
				MTL_ENABLE_DEBUG_INFO = NO;
				SDKROOT = macosx;
			};
			name = Release;
		};
		9543643820913E0900C2E0AB /* Debug */ = {
			isa = XCBuildConfiguration;
			buildSettings = {
				CODE_SIGN_STYLE = Automatic;
				DEVELOPMENT_TEAM = 345U8JE56N;
				PRODUCT_NAME = "$(TARGET_NAME)";
			};
			name = Debug;
		};
		9543643920913E0900C2E0AB /* Release */ = {
			isa = XCBuildConfiguration;
			buildSettings = {
				CODE_SIGN_STYLE = Automatic;
				DEVELOPMENT_TEAM = 345U8JE56N;
				PRODUCT_NAME = "$(TARGET_NAME)";
			};
			name = Release;
		};
/* End XCBuildConfiguration section */

/* Begin XCConfigurationList section */
		9543642B20913E0900C2E0AB /* Build configuration list for PBXProject "DennisCoin" */ = {
			isa = XCConfigurationList;
			buildConfigurations = (
				9543643520913E0900C2E0AB /* Debug */,
				9543643620913E0900C2E0AB /* Release */,
			);
			defaultConfigurationIsVisible = 0;
			defaultConfigurationName = Release;
		};
		9543643720913E0900C2E0AB /* Build configuration list for PBXNativeTarget "DennisCoin" */ = {
			isa = XCConfigurationList;
			buildConfigurations = (
				9543643820913E0900C2E0AB /* Debug */,
				9543643920913E0900C2E0AB /* Release */,
			);
			defaultConfigurationIsVisible = 0;
			defaultConfigurationName = Release;
		};
/* End XCConfigurationList section */
	};
	rootObject = 9543642820913E0900C2E0AB /* Project object */;
}
